// !$*UTF8*$!
{
	archiveVersion = 1;
	classes = {
	};
	objectVersion = 55;
	objects = {

/* Begin PBXBuildFile section */
		6A3AEC0F26F879E700D7E31A /* ContentView.swift in Sources */ = {isa = PBXBuildFile; fileRef = 6A3AEC0E26F879E700D7E31A /* ContentView.swift */; };
		6A3AEC1126F879F500D7E31A /* Assets.xcassets in Resources */ = {isa = PBXBuildFile; fileRef = 6A3AEC1026F879F500D7E31A /* Assets.xcassets */; };
		880250DF2A9D1FA10076E001 /* ContentViewPopups.swift in Sources */ = {isa = PBXBuildFile; fileRef = 880250DE2A9D1FA10076E001 /* ContentViewPopups.swift */; };
		880250E12A9D21B00076E001 /* PopupColorCube.swift in Sources */ = {isa = PBXBuildFile; fileRef = 880250E02A9D21B00076E001 /* PopupColorCube.swift */; };
		880250EB2AA2050A0076E001 /* PopupColorSlice.swift in Sources */ = {isa = PBXBuildFile; fileRef = 880250EA2AA2050A0076E001 /* PopupColorSlice.swift */; };
		8806E115293A5011005F5CB4 /* MandArtApp.swift in Sources */ = {isa = PBXBuildFile; fileRef = 8806E113293A5011005F5CB4 /* MandArtApp.swift */; };
		8806E116293A5011005F5CB4 /* MandArtDocument.swift in Sources */ = {isa = PBXBuildFile; fileRef = 8806E114293A5011005F5CB4 /* MandArtDocument.swift */; };
		882BAED3293409FE003ACB0B /* PictureDefinition.swift in Sources */ = {isa = PBXBuildFile; fileRef = 882BAED2293409FE003ACB0B /* PictureDefinition.swift */; };
		882BAED929346C92003ACB0B /* Hue.swift in Sources */ = {isa = PBXBuildFile; fileRef = 882BAED829346C92003ACB0B /* Hue.swift */; };
		8845506629AE3C8D008F202A /* Resources in Resources */ = {isa = PBXBuildFile; fileRef = 8845506529AE3C8D008F202A /* Resources */; };
		884752A629AFE73400FBECC2 /* WelcomeView.swift in Sources */ = {isa = PBXBuildFile; fileRef = 884752A529AFE73400FBECC2 /* WelcomeView.swift */; };
		88511CB32948B3FF009B5CF6 /* MandMath.swift in Sources */ = {isa = PBXBuildFile; fileRef = 88511CB22948B3FF009B5CF6 /* MandMath.swift */; };
		88A133CE2A9677C500A6E3CA /* GradientGrid.swift in Sources */ = {isa = PBXBuildFile; fileRef = 88A133CD2A9677C500A6E3CA /* GradientGrid.swift */; };
		88A133D02A96780C00A6E3CA /* GradientImage.swift in Sources */ = {isa = PBXBuildFile; fileRef = 88A133CF2A96780C00A6E3CA /* GradientImage.swift */; };
		88A2719E2A96871A00766654 /* ArtGrid.swift in Sources */ = {isa = PBXBuildFile; fileRef = 88A2719D2A96871A00766654 /* ArtGrid.swift */; };
		88A271A02A968A6900766654 /* ArtImage.swift in Sources */ = {isa = PBXBuildFile; fileRef = 88A2719F2A968A6900766654 /* ArtImage.swift */; };
		88A271A22A97158200766654 /* TabSave.swift in Sources */ = {isa = PBXBuildFile; fileRef = 88A271A12A97158200766654 /* TabSave.swift */; };
		88A271A82A971C1C00766654 /* MAFormatters.swift in Sources */ = {isa = PBXBuildFile; fileRef = 88A271A72A971C1C00766654 /* MAFormatters.swift */; };
		88A271AA2A977AF300766654 /* ContentView+GestureCalculations.swift in Sources */ = {isa = PBXBuildFile; fileRef = 88A271A92A977AF300766654 /* ContentView+GestureCalculations.swift */; };
		88A271AC2A97843400766654 /* WelcomeHeaderView.swift in Sources */ = {isa = PBXBuildFile; fileRef = 88A271AB2A97843400766654 /* WelcomeHeaderView.swift */; };
		88A271AE2A97844200766654 /* WelcomeMainImageView.swift in Sources */ = {isa = PBXBuildFile; fileRef = 88A271AD2A97844200766654 /* WelcomeMainImageView.swift */; };
		88A271B02A97845300766654 /* WelcomeMainInformationView.swift in Sources */ = {isa = PBXBuildFile; fileRef = 88A271AF2A97845300766654 /* WelcomeMainInformationView.swift */; };
		88A271B22A97860700766654 /* WelcomeMainView.swift in Sources */ = {isa = PBXBuildFile; fileRef = 88A271B12A97860700766654 /* WelcomeMainView.swift */; };
		88A271B52A9790DB00766654 /* WelcomeWindowController.swift in Sources */ = {isa = PBXBuildFile; fileRef = 88A271B42A9790DB00766654 /* WelcomeWindowController.swift */; };
		88A271B72A979A0E00766654 /* MandArtApp+Menu.swift in Sources */ = {isa = PBXBuildFile; fileRef = 88A271B62A979A0E00766654 /* MandArtApp+Menu.swift */; };
		88BECC5E2B1647BA00770843 /* MandArtDocument+Helpers.swift in Sources */ = {isa = PBXBuildFile; fileRef = 88BECC5B2B1647BA00770843 /* MandArtDocument+Helpers.swift */; };
		88BECC5F2B1647BA00770843 /* MandArtDocument+FileHandling.swift in Sources */ = {isa = PBXBuildFile; fileRef = 88BECC5C2B1647BA00770843 /* MandArtDocument+FileHandling.swift */; };
		88BECC602B1647BA00770843 /* MandArtDocument+Constants.swift in Sources */ = {isa = PBXBuildFile; fileRef = 88BECC5D2B1647BA00770843 /* MandArtDocument+Constants.swift */; };
		88BECC642B17D1E700770843 /* PictureDefinition+Equatable.swift in Sources */ = {isa = PBXBuildFile; fileRef = 88BECC632B17D1E700770843 /* PictureDefinition+Equatable.swift */; };
		88BECC6A2B1821DF00770843 /* MandArt.docc in Sources */ = {isa = PBXBuildFile; fileRef = 88BECC692B1821DF00770843 /* MandArt.docc */; };
		88BECC6C2B1824BC00770843 /* README.md in Resources */ = {isa = PBXBuildFile; fileRef = 88BECC6B2B1824BC00770843 /* README.md */; };
		88BECC6E2B1824C700770843 /* CARE_AND_FEEDING.md in Resources */ = {isa = PBXBuildFile; fileRef = 88BECC6D2B1824C700770843 /* CARE_AND_FEEDING.md */; };
		88BECC702B1824DB00770843 /* PRIVACY_POLICY.md in Resources */ = {isa = PBXBuildFile; fileRef = 88BECC6F2B1824DB00770843 /* PRIVACY_POLICY.md */; };
		88BECC722B1824F300770843 /* LICENSE in Resources */ = {isa = PBXBuildFile; fileRef = 88BECC712B1824F300770843 /* LICENSE */; };
		88BECC762B18261F00770843 /* .gitignore in Resources */ = {isa = PBXBuildFile; fileRef = 88BECC732B18261F00770843 /* .gitignore */; };
		88BECC772B18261F00770843 /* .periphery.yml in Resources */ = {isa = PBXBuildFile; fileRef = 88BECC742B18261F00770843 /* .periphery.yml */; };
		88BECC782B18261F00770843 /* .swiftlint.yml in Resources */ = {isa = PBXBuildFile; fileRef = 88BECC752B18261F00770843 /* .swiftlint.yml */; };
		88BECC7A2B18264000770843 /* DEV_NOTES.md in Resources */ = {isa = PBXBuildFile; fileRef = 88BECC792B18264000770843 /* DEV_NOTES.md */; };
		88C03C7C2B15568C00D4A79B /* TabFindImageSize.swift in Sources */ = {isa = PBXBuildFile; fileRef = 88C03C7B2B15568C00D4A79B /* TabFindImageSize.swift */; };
		88C03C7E2B1556A700D4A79B /* TabFindScale.swift in Sources */ = {isa = PBXBuildFile; fileRef = 88C03C7D2B1556A700D4A79B /* TabFindScale.swift */; };
		88C03C802B1556CF00D4A79B /* TabFindRotateAndMore.swift in Sources */ = {isa = PBXBuildFile; fileRef = 88C03C7F2B1556CF00D4A79B /* TabFindRotateAndMore.swift */; };
		88C03C822B157E8D00D4A79B /* TabFindImageCenter.swift in Sources */ = {isa = PBXBuildFile; fileRef = 88C03C812B157E8D00D4A79B /* TabFindImageCenter.swift */; };
		88C357FB2A97BC13007E7A92 /* DelayedTextFieldInt.swift in Sources */ = {isa = PBXBuildFile; fileRef = 88C357FA2A97BC13007E7A92 /* DelayedTextFieldInt.swift */; };
		88C357FD2A97C518007E7A92 /* DelayedTextFieldDouble.swift in Sources */ = {isa = PBXBuildFile; fileRef = 88C357FC2A97C518007E7A92 /* DelayedTextFieldDouble.swift */; };
		88C358012A97D675007E7A92 /* TabFind.swift in Sources */ = {isa = PBXBuildFile; fileRef = 88C358002A97D675007E7A92 /* TabFind.swift */; };
		88C358052A97D7A0007E7A92 /* TabTune.swift in Sources */ = {isa = PBXBuildFile; fileRef = 88C358042A97D7A0007E7A92 /* TabTune.swift */; };
		88C358072A97D983007E7A92 /* TabbedView.swift in Sources */ = {isa = PBXBuildFile; fileRef = 88C358062A97D983007E7A92 /* TabbedView.swift */; };
		88C358092A97E38A007E7A92 /* TabColorListView.swift in Sources */ = {isa = PBXBuildFile; fileRef = 88C358082A97E38A007E7A92 /* TabColorListView.swift */; };
		88C3580B2A97E9F9007E7A92 /* TabSavePopup.swift in Sources */ = {isa = PBXBuildFile; fileRef = 88C3580A2A97E9F9007E7A92 /* TabSavePopup.swift */; };
		88C358102A980312007E7A92 /* SliderTextView.swift in Sources */ = {isa = PBXBuildFile; fileRef = 88C3580F2A980312007E7A92 /* SliderTextView.swift */; };
		88C358122A98101F007E7A92 /* TabColor.swift in Sources */ = {isa = PBXBuildFile; fileRef = 88C358112A98101F007E7A92 /* TabColor.swift */; };
		88C358142A985CD1007E7A92 /* ImageViewModel.swift in Sources */ = {isa = PBXBuildFile; fileRef = 88C358132A985CD1007E7A92 /* ImageViewModel.swift */; };
		88C3581A2A985E14007E7A92 /* PopupPrintableColors.swift in Sources */ = {isa = PBXBuildFile; fileRef = 88C358192A985E14007E7A92 /* PopupPrintableColors.swift */; };
		88C3581C2A98EA45007E7A92 /* PanelUI.swift in Sources */ = {isa = PBXBuildFile; fileRef = 88C3581B2A98EA45007E7A92 /* PanelUI.swift */; };
		88C3581E2A98EA53007E7A92 /* PanelDisplay.swift in Sources */ = {isa = PBXBuildFile; fileRef = 88C3581D2A98EA53007E7A92 /* PanelDisplay.swift */; };
		88C358212A99A08D007E7A92 /* PopupManager.swift in Sources */ = {isa = PBXBuildFile; fileRef = 88C358202A99A08D007E7A92 /* PopupManager.swift */; };
		88C358252A9A6941007E7A92 /* MACommaNumberFormatter.swift in Sources */ = {isa = PBXBuildFile; fileRef = 88C358242A9A6941007E7A92 /* MACommaNumberFormatter.swift */; };
		88EF98282AC0D3DC005A3ABC /* Color+Components.swift in Sources */ = {isa = PBXBuildFile; fileRef = 88EF98272AC0D3DC005A3ABC /* Color+Components.swift */; };
		88EF982A2AC0D6EB005A3ABC /* Hue+Equatable.swift in Sources */ = {isa = PBXBuildFile; fileRef = 88EF98292AC0D6EB005A3ABC /* Hue+Equatable.swift */; };
		88EF982C2AC0D78E005A3ABC /* String+Subscripting.swift in Sources */ = {isa = PBXBuildFile; fileRef = 88EF982B2AC0D78E005A3ABC /* String+Subscripting.swift */; };
		88EF982E2AC0D7F3005A3ABC /* UTType+mandart.swift in Sources */ = {isa = PBXBuildFile; fileRef = 88EF982D2AC0D7F3005A3ABC /* UTType+mandart.swift */; };
		88EF98302AC0D858005A3ABC /* CGImage+PNGData.swift in Sources */ = {isa = PBXBuildFile; fileRef = 88EF982F2AC0D858005A3ABC /* CGImage+PNGData.swift */; };
		88EF98322AC0DB48005A3ABC /* Color+Codeable.swift in Sources */ = {isa = PBXBuildFile; fileRef = 88EF98312AC0DB48005A3ABC /* Color+Codeable.swift */; };
		88EF98342AC0DC5E005A3ABC /* MandArtDocument+HueManagementUndo.swift in Sources */ = {isa = PBXBuildFile; fileRef = 88EF98332AC0DC5E005A3ABC /* MandArtDocument+HueManagementUndo.swift */; };
		88EF98362AC0DE41005A3ABC /* Array+Safe.swift in Sources */ = {isa = PBXBuildFile; fileRef = 88EF98352AC0DE41005A3ABC /* Array+Safe.swift */; };
		88EF98382AC0E1B5005A3ABC /* PngCommenter.swift in Sources */ = {isa = PBXBuildFile; fileRef = 88EF98372AC0E1B5005A3ABC /* PngCommenter.swift */; };
		88EF983C2AC11DBD005A3ABC /* PngSaver.swift in Sources */ = {isa = PBXBuildFile; fileRef = 88EF983B2AC11DBD005A3ABC /* PngSaver.swift */; };
		88EF983E2AC13350005A3ABC /* DataSaver.swift in Sources */ = {isa = PBXBuildFile; fileRef = 88EF983D2AC13350005A3ABC /* DataSaver.swift */; };
		88EF98402AC133D5005A3ABC /* MandArtError.swift in Sources */ = {isa = PBXBuildFile; fileRef = 88EF983F2AC133D5005A3ABC /* MandArtError.swift */; };
/* End PBXBuildFile section */

/* Begin PBXFileReference section */
		6A3AEC0E26F879E700D7E31A /* ContentView.swift */ = {isa = PBXFileReference; lastKnownFileType = sourcecode.swift; path = ContentView.swift; sourceTree = "<group>"; };
		6A3AEC1026F879F500D7E31A /* Assets.xcassets */ = {isa = PBXFileReference; lastKnownFileType = folder.assetcatalog; path = Assets.xcassets; sourceTree = "<group>"; };
		6A3AEC1826F879F500D7E31A /* Info.plist */ = {isa = PBXFileReference; lastKnownFileType = text.plist.xml; path = Info.plist; sourceTree = "<group>"; };
		880250DE2A9D1FA10076E001 /* ContentViewPopups.swift */ = {isa = PBXFileReference; lastKnownFileType = sourcecode.swift; path = ContentViewPopups.swift; sourceTree = "<group>"; };
		880250E02A9D21B00076E001 /* PopupColorCube.swift */ = {isa = PBXFileReference; lastKnownFileType = sourcecode.swift; path = PopupColorCube.swift; sourceTree = "<group>"; };
		880250EA2AA2050A0076E001 /* PopupColorSlice.swift */ = {isa = PBXFileReference; lastKnownFileType = sourcecode.swift; path = PopupColorSlice.swift; sourceTree = "<group>"; };
		8806E113293A5011005F5CB4 /* MandArtApp.swift */ = {isa = PBXFileReference; fileEncoding = 4; lastKnownFileType = sourcecode.swift; path = MandArtApp.swift; sourceTree = "<group>"; };
		8806E114293A5011005F5CB4 /* MandArtDocument.swift */ = {isa = PBXFileReference; fileEncoding = 4; lastKnownFileType = sourcecode.swift; path = MandArtDocument.swift; sourceTree = "<group>"; };
		882BAED2293409FE003ACB0B /* PictureDefinition.swift */ = {isa = PBXFileReference; lastKnownFileType = sourcecode.swift; path = PictureDefinition.swift; sourceTree = "<group>"; };
		882BAED829346C92003ACB0B /* Hue.swift */ = {isa = PBXFileReference; lastKnownFileType = sourcecode.swift; path = Hue.swift; sourceTree = "<group>"; };
		8845506529AE3C8D008F202A /* Resources */ = {isa = PBXFileReference; lastKnownFileType = folder; path = Resources; sourceTree = "<group>"; };
		884752A529AFE73400FBECC2 /* WelcomeView.swift */ = {isa = PBXFileReference; lastKnownFileType = sourcecode.swift; path = WelcomeView.swift; sourceTree = "<group>"; };
		88511CB22948B3FF009B5CF6 /* MandMath.swift */ = {isa = PBXFileReference; lastKnownFileType = sourcecode.swift; path = MandMath.swift; sourceTree = "<group>"; };
		889E3F22293A7733009944AC /* MandArtRelease.entitlements */ = {isa = PBXFileReference; lastKnownFileType = text.plist.entitlements; path = MandArtRelease.entitlements; sourceTree = "<group>"; };
		88A133CD2A9677C500A6E3CA /* GradientGrid.swift */ = {isa = PBXFileReference; lastKnownFileType = sourcecode.swift; path = GradientGrid.swift; sourceTree = "<group>"; };
		88A133CF2A96780C00A6E3CA /* GradientImage.swift */ = {isa = PBXFileReference; lastKnownFileType = sourcecode.swift; path = GradientImage.swift; sourceTree = "<group>"; };
		88A21FA8289F557B004DFA34 /* MandArt.entitlements */ = {isa = PBXFileReference; fileEncoding = 4; lastKnownFileType = text.plist.entitlements; path = MandArt.entitlements; sourceTree = "<group>"; };
		88A2719D2A96871A00766654 /* ArtGrid.swift */ = {isa = PBXFileReference; lastKnownFileType = sourcecode.swift; path = ArtGrid.swift; sourceTree = "<group>"; };
		88A2719F2A968A6900766654 /* ArtImage.swift */ = {isa = PBXFileReference; lastKnownFileType = sourcecode.swift; path = ArtImage.swift; sourceTree = "<group>"; };
		88A271A12A97158200766654 /* TabSave.swift */ = {isa = PBXFileReference; lastKnownFileType = sourcecode.swift; path = TabSave.swift; sourceTree = "<group>"; };
		88A271A72A971C1C00766654 /* MAFormatters.swift */ = {isa = PBXFileReference; lastKnownFileType = sourcecode.swift; path = MAFormatters.swift; sourceTree = "<group>"; };
		88A271A92A977AF300766654 /* ContentView+GestureCalculations.swift */ = {isa = PBXFileReference; lastKnownFileType = sourcecode.swift; path = "ContentView+GestureCalculations.swift"; sourceTree = "<group>"; };
		88A271AB2A97843400766654 /* WelcomeHeaderView.swift */ = {isa = PBXFileReference; lastKnownFileType = sourcecode.swift; path = WelcomeHeaderView.swift; sourceTree = "<group>"; };
		88A271AD2A97844200766654 /* WelcomeMainImageView.swift */ = {isa = PBXFileReference; lastKnownFileType = sourcecode.swift; path = WelcomeMainImageView.swift; sourceTree = "<group>"; };
		88A271AF2A97845300766654 /* WelcomeMainInformationView.swift */ = {isa = PBXFileReference; lastKnownFileType = sourcecode.swift; path = WelcomeMainInformationView.swift; sourceTree = "<group>"; };
		88A271B12A97860700766654 /* WelcomeMainView.swift */ = {isa = PBXFileReference; lastKnownFileType = sourcecode.swift; path = WelcomeMainView.swift; sourceTree = "<group>"; };
		88A271B42A9790DB00766654 /* WelcomeWindowController.swift */ = {isa = PBXFileReference; lastKnownFileType = sourcecode.swift; path = WelcomeWindowController.swift; sourceTree = "<group>"; };
		88A271B62A979A0E00766654 /* MandArtApp+Menu.swift */ = {isa = PBXFileReference; lastKnownFileType = sourcecode.swift; path = "MandArtApp+Menu.swift"; sourceTree = "<group>"; };
		88BECC592B16228700770843 /* MandArt.app */ = {isa = PBXFileReference; explicitFileType = wrapper.application; includeInIndex = 0; path = MandArt.app; sourceTree = BUILT_PRODUCTS_DIR; };
		88BECC5B2B1647BA00770843 /* MandArtDocument+Helpers.swift */ = {isa = PBXFileReference; fileEncoding = 4; lastKnownFileType = sourcecode.swift; path = "MandArtDocument+Helpers.swift"; sourceTree = "<group>"; };
		88BECC5C2B1647BA00770843 /* MandArtDocument+FileHandling.swift */ = {isa = PBXFileReference; fileEncoding = 4; lastKnownFileType = sourcecode.swift; path = "MandArtDocument+FileHandling.swift"; sourceTree = "<group>"; };
		88BECC5D2B1647BA00770843 /* MandArtDocument+Constants.swift */ = {isa = PBXFileReference; fileEncoding = 4; lastKnownFileType = sourcecode.swift; path = "MandArtDocument+Constants.swift"; sourceTree = "<group>"; };
		88BECC632B17D1E700770843 /* PictureDefinition+Equatable.swift */ = {isa = PBXFileReference; fileEncoding = 4; lastKnownFileType = sourcecode.swift; path = "PictureDefinition+Equatable.swift"; sourceTree = "<group>"; };
		88BECC692B1821DF00770843 /* MandArt.docc */ = {isa = PBXFileReference; lastKnownFileType = folder.documentationcatalog; path = MandArt.docc; sourceTree = "<group>"; };
		88BECC6B2B1824BC00770843 /* README.md */ = {isa = PBXFileReference; fileEncoding = 4; lastKnownFileType = net.daringfireball.markdown; path = README.md; sourceTree = "<group>"; };
		88BECC6D2B1824C700770843 /* CARE_AND_FEEDING.md */ = {isa = PBXFileReference; fileEncoding = 4; lastKnownFileType = net.daringfireball.markdown; path = CARE_AND_FEEDING.md; sourceTree = "<group>"; };
		88BECC6F2B1824DB00770843 /* PRIVACY_POLICY.md */ = {isa = PBXFileReference; fileEncoding = 4; lastKnownFileType = net.daringfireball.markdown; path = PRIVACY_POLICY.md; sourceTree = "<group>"; };
		88BECC712B1824F300770843 /* LICENSE */ = {isa = PBXFileReference; fileEncoding = 4; lastKnownFileType = text; path = LICENSE; sourceTree = "<group>"; };
		88BECC732B18261F00770843 /* .gitignore */ = {isa = PBXFileReference; fileEncoding = 4; lastKnownFileType = text; path = .gitignore; sourceTree = "<group>"; };
		88BECC742B18261F00770843 /* .periphery.yml */ = {isa = PBXFileReference; fileEncoding = 4; lastKnownFileType = text.yaml; path = .periphery.yml; sourceTree = "<group>"; };
		88BECC752B18261F00770843 /* .swiftlint.yml */ = {isa = PBXFileReference; fileEncoding = 4; lastKnownFileType = text.yaml; path = .swiftlint.yml; sourceTree = "<group>"; };
		88BECC792B18264000770843 /* DEV_NOTES.md */ = {isa = PBXFileReference; fileEncoding = 4; lastKnownFileType = net.daringfireball.markdown; path = DEV_NOTES.md; sourceTree = "<group>"; };
		88C03C7B2B15568C00D4A79B /* TabFindImageSize.swift */ = {isa = PBXFileReference; lastKnownFileType = sourcecode.swift; path = TabFindImageSize.swift; sourceTree = "<group>"; };
		88C03C7D2B1556A700D4A79B /* TabFindScale.swift */ = {isa = PBXFileReference; lastKnownFileType = sourcecode.swift; path = TabFindScale.swift; sourceTree = "<group>"; };
		88C03C7F2B1556CF00D4A79B /* TabFindRotateAndMore.swift */ = {isa = PBXFileReference; lastKnownFileType = sourcecode.swift; path = TabFindRotateAndMore.swift; sourceTree = "<group>"; };
		88C03C812B157E8D00D4A79B /* TabFindImageCenter.swift */ = {isa = PBXFileReference; lastKnownFileType = sourcecode.swift; path = TabFindImageCenter.swift; sourceTree = "<group>"; };
		88C357FA2A97BC13007E7A92 /* DelayedTextFieldInt.swift */ = {isa = PBXFileReference; lastKnownFileType = sourcecode.swift; path = DelayedTextFieldInt.swift; sourceTree = "<group>"; };
		88C357FC2A97C518007E7A92 /* DelayedTextFieldDouble.swift */ = {isa = PBXFileReference; lastKnownFileType = sourcecode.swift; path = DelayedTextFieldDouble.swift; sourceTree = "<group>"; };
		88C358002A97D675007E7A92 /* TabFind.swift */ = {isa = PBXFileReference; lastKnownFileType = sourcecode.swift; path = TabFind.swift; sourceTree = "<group>"; };
		88C358042A97D7A0007E7A92 /* TabTune.swift */ = {isa = PBXFileReference; lastKnownFileType = sourcecode.swift; path = TabTune.swift; sourceTree = "<group>"; };
		88C358062A97D983007E7A92 /* TabbedView.swift */ = {isa = PBXFileReference; lastKnownFileType = sourcecode.swift; path = TabbedView.swift; sourceTree = "<group>"; };
		88C358082A97E38A007E7A92 /* TabColorListView.swift */ = {isa = PBXFileReference; lastKnownFileType = sourcecode.swift; path = TabColorListView.swift; sourceTree = "<group>"; };
		88C3580A2A97E9F9007E7A92 /* TabSavePopup.swift */ = {isa = PBXFileReference; lastKnownFileType = sourcecode.swift; path = TabSavePopup.swift; sourceTree = "<group>"; };
		88C3580F2A980312007E7A92 /* SliderTextView.swift */ = {isa = PBXFileReference; lastKnownFileType = sourcecode.swift; path = SliderTextView.swift; sourceTree = "<group>"; };
		88C358112A98101F007E7A92 /* TabColor.swift */ = {isa = PBXFileReference; lastKnownFileType = sourcecode.swift; path = TabColor.swift; sourceTree = "<group>"; };
		88C358132A985CD1007E7A92 /* ImageViewModel.swift */ = {isa = PBXFileReference; lastKnownFileType = sourcecode.swift; path = ImageViewModel.swift; sourceTree = "<group>"; };
		88C358192A985E14007E7A92 /* PopupPrintableColors.swift */ = {isa = PBXFileReference; lastKnownFileType = sourcecode.swift; path = PopupPrintableColors.swift; sourceTree = "<group>"; };
		88C3581B2A98EA45007E7A92 /* PanelUI.swift */ = {isa = PBXFileReference; lastKnownFileType = sourcecode.swift; path = PanelUI.swift; sourceTree = "<group>"; };
		88C3581D2A98EA53007E7A92 /* PanelDisplay.swift */ = {isa = PBXFileReference; lastKnownFileType = sourcecode.swift; path = PanelDisplay.swift; sourceTree = "<group>"; };
		88C358202A99A08D007E7A92 /* PopupManager.swift */ = {isa = PBXFileReference; lastKnownFileType = sourcecode.swift; path = PopupManager.swift; sourceTree = "<group>"; };
		88C358242A9A6941007E7A92 /* MACommaNumberFormatter.swift */ = {isa = PBXFileReference; lastKnownFileType = sourcecode.swift; path = MACommaNumberFormatter.swift; sourceTree = "<group>"; };
		88EF98272AC0D3DC005A3ABC /* Color+Components.swift */ = {isa = PBXFileReference; lastKnownFileType = sourcecode.swift; path = "Color+Components.swift"; sourceTree = "<group>"; };
		88EF98292AC0D6EB005A3ABC /* Hue+Equatable.swift */ = {isa = PBXFileReference; lastKnownFileType = sourcecode.swift; path = "Hue+Equatable.swift"; sourceTree = "<group>"; };
		88EF982B2AC0D78E005A3ABC /* String+Subscripting.swift */ = {isa = PBXFileReference; lastKnownFileType = sourcecode.swift; path = "String+Subscripting.swift"; sourceTree = "<group>"; };
		88EF982D2AC0D7F3005A3ABC /* UTType+mandart.swift */ = {isa = PBXFileReference; lastKnownFileType = sourcecode.swift; path = "UTType+mandart.swift"; sourceTree = "<group>"; };
		88EF982F2AC0D858005A3ABC /* CGImage+PNGData.swift */ = {isa = PBXFileReference; lastKnownFileType = sourcecode.swift; path = "CGImage+PNGData.swift"; sourceTree = "<group>"; };
		88EF98312AC0DB48005A3ABC /* Color+Codeable.swift */ = {isa = PBXFileReference; lastKnownFileType = sourcecode.swift; path = "Color+Codeable.swift"; sourceTree = "<group>"; };
		88EF98332AC0DC5E005A3ABC /* MandArtDocument+HueManagementUndo.swift */ = {isa = PBXFileReference; lastKnownFileType = sourcecode.swift; path = "MandArtDocument+HueManagementUndo.swift"; sourceTree = "<group>"; };
		88EF98352AC0DE41005A3ABC /* Array+Safe.swift */ = {isa = PBXFileReference; lastKnownFileType = sourcecode.swift; path = "Array+Safe.swift"; sourceTree = "<group>"; };
		88EF98372AC0E1B5005A3ABC /* PngCommenter.swift */ = {isa = PBXFileReference; lastKnownFileType = sourcecode.swift; path = PngCommenter.swift; sourceTree = "<group>"; };
		88EF983B2AC11DBD005A3ABC /* PngSaver.swift */ = {isa = PBXFileReference; lastKnownFileType = sourcecode.swift; path = PngSaver.swift; sourceTree = "<group>"; };
		88EF983D2AC13350005A3ABC /* DataSaver.swift */ = {isa = PBXFileReference; lastKnownFileType = sourcecode.swift; path = DataSaver.swift; sourceTree = "<group>"; };
		88EF983F2AC133D5005A3ABC /* MandArtError.swift */ = {isa = PBXFileReference; lastKnownFileType = sourcecode.swift; path = MandArtError.swift; sourceTree = "<group>"; };
/* End PBXFileReference section */

/* Begin PBXFrameworksBuildPhase section */
		6A3AEC0626F879E700D7E31A /* Frameworks */ = {
			isa = PBXFrameworksBuildPhase;
			buildActionMask = 2147483647;
			files = (
			);
			runOnlyForDeploymentPostprocessing = 0;
		};
/* End PBXFrameworksBuildPhase section */

/* Begin PBXGroup section */
		6A3AEC0026F879E700D7E31A = {
			isa = PBXGroup;
			children = (
				88BECC732B18261F00770843 /* .gitignore */,
				88BECC742B18261F00770843 /* .periphery.yml */,
				88BECC752B18261F00770843 /* .swiftlint.yml */,
				6A3AEC1026F879F500D7E31A /* Assets.xcassets */,
				88BECC6D2B1824C700770843 /* CARE_AND_FEEDING.md */,
				88BECC792B18264000770843 /* DEV_NOTES.md */,
				6A3AEC1826F879F500D7E31A /* Info.plist */,
				88BECC712B1824F300770843 /* LICENSE */,
				88BECC592B16228700770843 /* MandArt.app */,
				88BECC692B1821DF00770843 /* MandArt.docc */,
				88A21FA8289F557B004DFA34 /* MandArt.entitlements */,
				889E3F22293A7733009944AC /* MandArtRelease.entitlements */,
				88BECC6F2B1824DB00770843 /* PRIVACY_POLICY.md */,
				88BECC6B2B1824BC00770843 /* README.md */,
				8845506529AE3C8D008F202A /* Resources */,
				88A1716629913A0800A85AED /* Sources */,
			);
			sourceTree = "<group>";
		};
		88A1716629913A0800A85AED /* Sources */ = {
			isa = PBXGroup;
			children = (
				88A1716729913A1E00A85AED /* MandArt */,
			);
			path = Sources;
			sourceTree = "<group>";
		};
		88A1716729913A1E00A85AED /* MandArt */ = {
			isa = PBXGroup;
			children = (
				88A271B32A9790C400766654 /* Controllers */,
				88EF98262AC0D37D005A3ABC /* Extensions */,
				8806E113293A5011005F5CB4 /* MandArtApp.swift */,
				88A271B62A979A0E00766654 /* MandArtApp+Menu.swift */,
				88A271962A967E6400766654 /* Models */,
				88A271942A967DF200766654 /* Utilities */,
				88C3580C2A97EB55007E7A92 /* ViewModels */,
				88A271932A967DEA00766654 /* Views */,
			);
			path = MandArt;
			sourceTree = "<group>";
		};
		88A271932A967DEA00766654 /* Views */ = {
			isa = PBXGroup;
			children = (
				6A3AEC0E26F879E700D7E31A /* ContentView.swift */,
				88A271A92A977AF300766654 /* ContentView+GestureCalculations.swift */,
				880250DE2A9D1FA10076E001 /* ContentViewPopups.swift */,
				88C357FC2A97C518007E7A92 /* DelayedTextFieldDouble.swift */,
				88C357FA2A97BC13007E7A92 /* DelayedTextFieldInt.swift */,
				88C3581D2A98EA53007E7A92 /* PanelDisplay.swift */,
				88C3581B2A98EA45007E7A92 /* PanelUI.swift */,
				880250E02A9D21B00076E001 /* PopupColorCube.swift */,
				880250EA2AA2050A0076E001 /* PopupColorSlice.swift */,
				88C358192A985E14007E7A92 /* PopupPrintableColors.swift */,
				88C3580F2A980312007E7A92 /* SliderTextView.swift */,
				88C358062A97D983007E7A92 /* TabbedView.swift */,
				88C358112A98101F007E7A92 /* TabColor.swift */,
				88C358082A97E38A007E7A92 /* TabColorListView.swift */,
				88C358002A97D675007E7A92 /* TabFind.swift */,
				88C03C812B157E8D00D4A79B /* TabFindImageCenter.swift */,
				88C03C7B2B15568C00D4A79B /* TabFindImageSize.swift */,
				88C03C7F2B1556CF00D4A79B /* TabFindRotateAndMore.swift */,
				88C03C7D2B1556A700D4A79B /* TabFindScale.swift */,
				88A271A12A97158200766654 /* TabSave.swift */,
				88C3580A2A97E9F9007E7A92 /* TabSavePopup.swift */,
				88C358042A97D7A0007E7A92 /* TabTune.swift */,
				88A271AB2A97843400766654 /* WelcomeHeaderView.swift */,
				88A271AD2A97844200766654 /* WelcomeMainImageView.swift */,
				88A271AF2A97845300766654 /* WelcomeMainInformationView.swift */,
				88A271B12A97860700766654 /* WelcomeMainView.swift */,
				884752A529AFE73400FBECC2 /* WelcomeView.swift */,
			);
			path = Views;
			sourceTree = "<group>";
		};
		88A271942A967DF200766654 /* Utilities */ = {
			isa = PBXGroup;
			children = (
				88A2719D2A96871A00766654 /* ArtGrid.swift */,
				88A2719F2A968A6900766654 /* ArtImage.swift */,
				88A133CD2A9677C500A6E3CA /* GradientGrid.swift */,
				88A133CF2A96780C00A6E3CA /* GradientImage.swift */,
				88C358242A9A6941007E7A92 /* MACommaNumberFormatter.swift */,
				88A271A72A971C1C00766654 /* MAFormatters.swift */,
				88511CB22948B3FF009B5CF6 /* MandMath.swift */,
			);
			path = Utilities;
			sourceTree = "<group>";
		};
		88A271962A967E6400766654 /* Models */ = {
			isa = PBXGroup;
			children = (
				88EF983D2AC13350005A3ABC /* DataSaver.swift */,
				882BAED829346C92003ACB0B /* Hue.swift */,
				88EF98292AC0D6EB005A3ABC /* Hue+Equatable.swift */,
				8806E114293A5011005F5CB4 /* MandArtDocument.swift */,
				88BECC5D2B1647BA00770843 /* MandArtDocument+Constants.swift */,
				88BECC5C2B1647BA00770843 /* MandArtDocument+FileHandling.swift */,
				88BECC5B2B1647BA00770843 /* MandArtDocument+Helpers.swift */,
				88EF98332AC0DC5E005A3ABC /* MandArtDocument+HueManagementUndo.swift */,
				88EF983F2AC133D5005A3ABC /* MandArtError.swift */,
				882BAED2293409FE003ACB0B /* PictureDefinition.swift */,
				88BECC632B17D1E700770843 /* PictureDefinition+Equatable.swift */,
				88EF98372AC0E1B5005A3ABC /* PngCommenter.swift */,
				88EF983B2AC11DBD005A3ABC /* PngSaver.swift */,
			);
			path = Models;
			sourceTree = "<group>";
		};
		88A271B32A9790C400766654 /* Controllers */ = {
			isa = PBXGroup;
			children = (
				88A271B42A9790DB00766654 /* WelcomeWindowController.swift */,
			);
			path = Controllers;
			sourceTree = "<group>";
		};
		88C3580C2A97EB55007E7A92 /* ViewModels */ = {
			isa = PBXGroup;
			children = (
				88C358132A985CD1007E7A92 /* ImageViewModel.swift */,
				88C358202A99A08D007E7A92 /* PopupManager.swift */,
			);
			path = ViewModels;
			sourceTree = "<group>";
		};
		88EF98262AC0D37D005A3ABC /* Extensions */ = {
			isa = PBXGroup;
			children = (
				88EF98352AC0DE41005A3ABC /* Array+Safe.swift */,
				88EF982F2AC0D858005A3ABC /* CGImage+PNGData.swift */,
				88EF98312AC0DB48005A3ABC /* Color+Codeable.swift */,
				88EF98272AC0D3DC005A3ABC /* Color+Components.swift */,
				88EF982B2AC0D78E005A3ABC /* String+Subscripting.swift */,
				88EF982D2AC0D7F3005A3ABC /* UTType+mandart.swift */,
			);
			path = Extensions;
			sourceTree = "<group>";
		};
/* End PBXGroup section */

/* Begin PBXNativeTarget section */
		6A3AEC0826F879E700D7E31A /* MandArt */ = {
			isa = PBXNativeTarget;
			buildConfigurationList = 6A3AEC1C26F879F500D7E31A /* Build configuration list for PBXNativeTarget "MandArt" */;
			buildPhases = (
				6A3AEC0526F879E700D7E31A /* Sources */,
				6A3AEC0626F879E700D7E31A /* Frameworks */,
				6A3AEC0726F879E700D7E31A /* Resources */,
			);
			buildRules = (
			);
			dependencies = (
			);
			name = MandArt;
			productName = MandArt;
			productReference = 88BECC592B16228700770843 /* MandArt.app */;
			productType = "com.apple.product-type.application";
		};
/* End PBXNativeTarget section */

/* Begin PBXProject section */
		6A3AEC0126F879E700D7E31A /* Project object */ = {
			isa = PBXProject;
			attributes = {
				BuildIndependentTargetsInParallel = YES;
				LastSwiftUpdateCheck = 1500;
				LastUpgradeCheck = 1500;
				TargetAttributes = {
					6A3AEC0826F879E700D7E31A = {
						CreatedOnToolsVersion = 12.5.1;
					};
				};
			};
			buildConfigurationList = 6A3AEC0426F879E700D7E31A /* Build configuration list for PBXProject "MandArt" */;
			compatibilityVersion = "Xcode 13.0";
			developmentRegion = en;
			hasScannedForEncodings = 0;
			knownRegions = (
				en,
				Base,
			);
			mainGroup = 6A3AEC0026F879E700D7E31A;
			packageReferences = (
			);
			productRefGroup = 6A3AEC0026F879E700D7E31A;
			projectDirPath = "";
			projectRoot = "";
			targets = (
				6A3AEC0826F879E700D7E31A /* MandArt */,
			);
		};
/* End PBXProject section */

/* Begin PBXResourcesBuildPhase section */
		6A3AEC0726F879E700D7E31A /* Resources */ = {
			isa = PBXResourcesBuildPhase;
			buildActionMask = 2147483647;
			files = (
				88BECC782B18261F00770843 /* .swiftlint.yml in Resources */,
				88BECC722B1824F300770843 /* LICENSE in Resources */,
				88BECC7A2B18264000770843 /* DEV_NOTES.md in Resources */,
				88BECC762B18261F00770843 /* .gitignore in Resources */,
				88BECC6E2B1824C700770843 /* CARE_AND_FEEDING.md in Resources */,
				88BECC6C2B1824BC00770843 /* README.md in Resources */,
				88BECC772B18261F00770843 /* .periphery.yml in Resources */,
				8845506629AE3C8D008F202A /* Resources in Resources */,
				88BECC702B1824DB00770843 /* PRIVACY_POLICY.md in Resources */,
				6A3AEC1126F879F500D7E31A /* Assets.xcassets in Resources */,
			);
			runOnlyForDeploymentPostprocessing = 0;
		};
/* End PBXResourcesBuildPhase section */

/* Begin PBXSourcesBuildPhase section */
		6A3AEC0526F879E700D7E31A /* Sources */ = {
			isa = PBXSourcesBuildPhase;
			buildActionMask = 2147483647;
			files = (
				88C357FB2A97BC13007E7A92 /* DelayedTextFieldInt.swift in Sources */,
				88A271B52A9790DB00766654 /* WelcomeWindowController.swift in Sources */,
				882BAED929346C92003ACB0B /* Hue.swift in Sources */,
				88C357FD2A97C518007E7A92 /* DelayedTextFieldDouble.swift in Sources */,
				88A271A02A968A6900766654 /* ArtImage.swift in Sources */,
				88C3581A2A985E14007E7A92 /* PopupPrintableColors.swift in Sources */,
				88A133D02A96780C00A6E3CA /* GradientImage.swift in Sources */,
				88A271B72A979A0E00766654 /* MandArtApp+Menu.swift in Sources */,
				88C358122A98101F007E7A92 /* TabColor.swift in Sources */,
				88C03C802B1556CF00D4A79B /* TabFindRotateAndMore.swift in Sources */,
				88C03C7C2B15568C00D4A79B /* TabFindImageSize.swift in Sources */,
				88A133CE2A9677C500A6E3CA /* GradientGrid.swift in Sources */,
				88A2719E2A96871A00766654 /* ArtGrid.swift in Sources */,
				88C358142A985CD1007E7A92 /* ImageViewModel.swift in Sources */,
				88C3580B2A97E9F9007E7A92 /* TabSavePopup.swift in Sources */,
				88EF98402AC133D5005A3ABC /* MandArtError.swift in Sources */,
				880250EB2AA2050A0076E001 /* PopupColorSlice.swift in Sources */,
				88EF982C2AC0D78E005A3ABC /* String+Subscripting.swift in Sources */,
				88EF982E2AC0D7F3005A3ABC /* UTType+mandart.swift in Sources */,
				88A271A82A971C1C00766654 /* MAFormatters.swift in Sources */,
				88C3581C2A98EA45007E7A92 /* PanelUI.swift in Sources */,
				88C358092A97E38A007E7A92 /* TabColorListView.swift in Sources */,
				88EF98322AC0DB48005A3ABC /* Color+Codeable.swift in Sources */,
				88EF983C2AC11DBD005A3ABC /* PngSaver.swift in Sources */,
				88BECC602B1647BA00770843 /* MandArtDocument+Constants.swift in Sources */,
				6A3AEC0F26F879E700D7E31A /* ContentView.swift in Sources */,
				884752A629AFE73400FBECC2 /* WelcomeView.swift in Sources */,
				88BECC5F2B1647BA00770843 /* MandArtDocument+FileHandling.swift in Sources */,
				88EF98362AC0DE41005A3ABC /* Array+Safe.swift in Sources */,
				88C358102A980312007E7A92 /* SliderTextView.swift in Sources */,
				88EF98302AC0D858005A3ABC /* CGImage+PNGData.swift in Sources */,
				88BECC5E2B1647BA00770843 /* MandArtDocument+Helpers.swift in Sources */,
				8806E115293A5011005F5CB4 /* MandArtApp.swift in Sources */,
				88C03C822B157E8D00D4A79B /* TabFindImageCenter.swift in Sources */,
				88C358212A99A08D007E7A92 /* PopupManager.swift in Sources */,
				88A271AC2A97843400766654 /* WelcomeHeaderView.swift in Sources */,
				880250E12A9D21B00076E001 /* PopupColorCube.swift in Sources */,
				88C358012A97D675007E7A92 /* TabFind.swift in Sources */,
				88EF982A2AC0D6EB005A3ABC /* Hue+Equatable.swift in Sources */,
				88C3581E2A98EA53007E7A92 /* PanelDisplay.swift in Sources */,
				88BECC6A2B1821DF00770843 /* MandArt.docc in Sources */,
				88C358072A97D983007E7A92 /* TabbedView.swift in Sources */,
				88A271A22A97158200766654 /* TabSave.swift in Sources */,
				88EF983E2AC13350005A3ABC /* DataSaver.swift in Sources */,
				88C358052A97D7A0007E7A92 /* TabTune.swift in Sources */,
				88BECC642B17D1E700770843 /* PictureDefinition+Equatable.swift in Sources */,
				880250DF2A9D1FA10076E001 /* ContentViewPopups.swift in Sources */,
				88EF98342AC0DC5E005A3ABC /* MandArtDocument+HueManagementUndo.swift in Sources */,
				88A271AA2A977AF300766654 /* ContentView+GestureCalculations.swift in Sources */,
				88EF98382AC0E1B5005A3ABC /* PngCommenter.swift in Sources */,
				88A271B22A97860700766654 /* WelcomeMainView.swift in Sources */,
				88A271AE2A97844200766654 /* WelcomeMainImageView.swift in Sources */,
				88C358252A9A6941007E7A92 /* MACommaNumberFormatter.swift in Sources */,
				88EF98282AC0D3DC005A3ABC /* Color+Components.swift in Sources */,
				882BAED3293409FE003ACB0B /* PictureDefinition.swift in Sources */,
				88C03C7E2B1556A700D4A79B /* TabFindScale.swift in Sources */,
				88511CB32948B3FF009B5CF6 /* MandMath.swift in Sources */,
				88A271B02A97845300766654 /* WelcomeMainInformationView.swift in Sources */,
				8806E116293A5011005F5CB4 /* MandArtDocument.swift in Sources */,
			);
			runOnlyForDeploymentPostprocessing = 0;
		};
/* End PBXSourcesBuildPhase section */

/* Begin XCBuildConfiguration section */
		6A3AEC1A26F879F500D7E31A /* Debug */ = {
			isa = XCBuildConfiguration;
			buildSettings = {
				ALWAYS_SEARCH_USER_PATHS = NO;
				ASSETCATALOG_COMPILER_GENERATE_SWIFT_ASSET_SYMBOL_EXTENSIONS = YES;
				CLANG_ANALYZER_NONNULL = YES;
				CLANG_ANALYZER_NUMBER_OBJECT_CONVERSION = YES_AGGRESSIVE;
				CLANG_CXX_LANGUAGE_STANDARD = "gnu++14";
				CLANG_CXX_LIBRARY = "libc++";
				CLANG_ENABLE_MODULES = YES;
				CLANG_ENABLE_OBJC_ARC = YES;
				CLANG_ENABLE_OBJC_WEAK = YES;
				CLANG_WARN_BLOCK_CAPTURE_AUTORELEASING = YES;
				CLANG_WARN_BOOL_CONVERSION = YES;
				CLANG_WARN_COMMA = YES;
				CLANG_WARN_CONSTANT_CONVERSION = YES;
				CLANG_WARN_DEPRECATED_OBJC_IMPLEMENTATIONS = YES;
				CLANG_WARN_DIRECT_OBJC_ISA_USAGE = YES_ERROR;
				CLANG_WARN_DOCUMENTATION_COMMENTS = YES;
				CLANG_WARN_EMPTY_BODY = YES;
				CLANG_WARN_ENUM_CONVERSION = YES;
				CLANG_WARN_INFINITE_RECURSION = YES;
				CLANG_WARN_INT_CONVERSION = YES;
				CLANG_WARN_NON_LITERAL_NULL_CONVERSION = YES;
				CLANG_WARN_OBJC_IMPLICIT_RETAIN_SELF = YES;
				CLANG_WARN_OBJC_LITERAL_CONVERSION = YES;
				CLANG_WARN_OBJC_ROOT_CLASS = YES_ERROR;
				CLANG_WARN_QUOTED_INCLUDE_IN_FRAMEWORK_HEADER = YES;
				CLANG_WARN_RANGE_LOOP_ANALYSIS = YES;
				CLANG_WARN_STRICT_PROTOTYPES = YES;
				CLANG_WARN_SUSPICIOUS_MOVE = YES;
				CLANG_WARN_UNGUARDED_AVAILABILITY = YES_AGGRESSIVE;
				CLANG_WARN_UNREACHABLE_CODE = YES;
				CLANG_WARN__DUPLICATE_METHOD_MATCH = YES;
				COPY_PHASE_STRIP = NO;
				DEAD_CODE_STRIPPING = YES;
				DEBUG_INFORMATION_FORMAT = dwarf;
				ENABLE_STRICT_OBJC_MSGSEND = YES;
				ENABLE_TESTABILITY = YES;
				GCC_C_LANGUAGE_STANDARD = gnu11;
				GCC_DYNAMIC_NO_PIC = NO;
				GCC_NO_COMMON_BLOCKS = YES;
				GCC_OPTIMIZATION_LEVEL = 0;
				GCC_PREPROCESSOR_DEFINITIONS = (
					"DEBUG=1",
					"$(inherited)",
				);
				GCC_WARN_64_TO_32_BIT_CONVERSION = YES;
				GCC_WARN_ABOUT_RETURN_TYPE = YES_ERROR;
				GCC_WARN_UNDECLARED_SELECTOR = YES;
				GCC_WARN_UNINITIALIZED_AUTOS = YES_AGGRESSIVE;
				GCC_WARN_UNUSED_FUNCTION = YES;
				GCC_WARN_UNUSED_VARIABLE = YES;
				MACOSX_DEPLOYMENT_TARGET = 12.4;
				MTL_ENABLE_DEBUG_INFO = INCLUDE_SOURCE;
				MTL_FAST_MATH = YES;
				ONLY_ACTIVE_ARCH = YES;
				SDKROOT = macosx;
				SWIFT_ACTIVE_COMPILATION_CONDITIONS = DEBUG;
				SWIFT_OPTIMIZATION_LEVEL = "-O";
			};
			name = Debug;
		};
		6A3AEC1B26F879F500D7E31A /* Release */ = {
			isa = XCBuildConfiguration;
			buildSettings = {
				ALWAYS_SEARCH_USER_PATHS = NO;
				ASSETCATALOG_COMPILER_GENERATE_SWIFT_ASSET_SYMBOL_EXTENSIONS = YES;
				CLANG_ANALYZER_NONNULL = YES;
				CLANG_ANALYZER_NUMBER_OBJECT_CONVERSION = YES_AGGRESSIVE;
				CLANG_CXX_LANGUAGE_STANDARD = "gnu++14";
				CLANG_CXX_LIBRARY = "libc++";
				CLANG_ENABLE_MODULES = YES;
				CLANG_ENABLE_OBJC_ARC = YES;
				CLANG_ENABLE_OBJC_WEAK = YES;
				CLANG_WARN_BLOCK_CAPTURE_AUTORELEASING = YES;
				CLANG_WARN_BOOL_CONVERSION = YES;
				CLANG_WARN_COMMA = YES;
				CLANG_WARN_CONSTANT_CONVERSION = YES;
				CLANG_WARN_DEPRECATED_OBJC_IMPLEMENTATIONS = YES;
				CLANG_WARN_DIRECT_OBJC_ISA_USAGE = YES_ERROR;
				CLANG_WARN_DOCUMENTATION_COMMENTS = YES;
				CLANG_WARN_EMPTY_BODY = YES;
				CLANG_WARN_ENUM_CONVERSION = YES;
				CLANG_WARN_INFINITE_RECURSION = YES;
				CLANG_WARN_INT_CONVERSION = YES;
				CLANG_WARN_NON_LITERAL_NULL_CONVERSION = YES;
				CLANG_WARN_OBJC_IMPLICIT_RETAIN_SELF = YES;
				CLANG_WARN_OBJC_LITERAL_CONVERSION = YES;
				CLANG_WARN_OBJC_ROOT_CLASS = YES_ERROR;
				CLANG_WARN_QUOTED_INCLUDE_IN_FRAMEWORK_HEADER = YES;
				CLANG_WARN_RANGE_LOOP_ANALYSIS = YES;
				CLANG_WARN_STRICT_PROTOTYPES = YES;
				CLANG_WARN_SUSPICIOUS_MOVE = YES;
				CLANG_WARN_UNGUARDED_AVAILABILITY = YES_AGGRESSIVE;
				CLANG_WARN_UNREACHABLE_CODE = YES;
				CLANG_WARN__DUPLICATE_METHOD_MATCH = YES;
				COPY_PHASE_STRIP = NO;
				DEAD_CODE_STRIPPING = YES;
				DEBUG_INFORMATION_FORMAT = "dwarf-with-dsym";
				ENABLE_NS_ASSERTIONS = NO;
				ENABLE_STRICT_OBJC_MSGSEND = YES;
				GCC_C_LANGUAGE_STANDARD = gnu11;
				GCC_NO_COMMON_BLOCKS = YES;
				GCC_WARN_64_TO_32_BIT_CONVERSION = YES;
				GCC_WARN_ABOUT_RETURN_TYPE = YES_ERROR;
				GCC_WARN_UNDECLARED_SELECTOR = YES;
				GCC_WARN_UNINITIALIZED_AUTOS = YES_AGGRESSIVE;
				GCC_WARN_UNUSED_FUNCTION = YES;
				GCC_WARN_UNUSED_VARIABLE = YES;
				MACOSX_DEPLOYMENT_TARGET = 12.4;
				MTL_ENABLE_DEBUG_INFO = NO;
				MTL_FAST_MATH = YES;
				SDKROOT = macosx;
				SWIFT_COMPILATION_MODE = wholemodule;
				SWIFT_OPTIMIZATION_LEVEL = "-O";
				SWIFT_VERSION = 5.0;
			};
			name = Release;
		};
		6A3AEC1D26F879F500D7E31A /* Debug */ = {
			isa = XCBuildConfiguration;
			buildSettings = {
				ASSETCATALOG_COMPILER_APPICON_NAME = AppIcon;
				ASSETCATALOG_COMPILER_GLOBAL_ACCENT_COLOR_NAME = AccentColor;
				CLANG_USE_OPTIMIZATION_PROFILE = YES;
				CODE_SIGN_ENTITLEMENTS = MandArt.entitlements;
				CODE_SIGN_IDENTITY = "Apple Development";
				CODE_SIGN_STYLE = Automatic;
				COMBINE_HIDPI_IMAGES = YES;
				DEAD_CODE_STRIPPING = YES;
				DEVELOPMENT_ASSET_PATHS = "";
				DEVELOPMENT_TEAM = L3C8KXQ7DP;
				ENABLE_HARDENED_RUNTIME = YES;
				ENABLE_PREVIEWS = NO;
				"INCLUDED_SOURCE_FILE_NAMES[arch=*]" = "";
				INFOPLIST_FILE = "$(SRCROOT)/Info.plist";
				INFOPLIST_KEY_CFBundleDisplayName = MandArt;
				INFOPLIST_KEY_LSApplicationCategoryType = "public.app-category.graphics-design";
				LD_RUNPATH_SEARCH_PATHS = (
					"$(inherited)",
					"@executable_path/../Frameworks",
				);
				MACOSX_DEPLOYMENT_TARGET = 12.0;
				MARKETING_VERSION = 6;
				NEW_SETTING = "";
				ONLY_ACTIVE_ARCH = YES;
				PRODUCT_BUNDLE_IDENTIFIER = "Bruce-Johnson.MandArt";
				PRODUCT_NAME = "$(TARGET_NAME)";
				PROVISIONING_PROFILE_SPECIFIER = "";
				RUN_DOCUMENTATION_COMPILER = YES;
				SWIFT_DISABLE_SAFETY_CHECKS = YES;
				SWIFT_OPTIMIZATION_LEVEL = "-O";
				SWIFT_VERSION = 5.0;
				VALIDATE_PRODUCT = YES;
				VALIDATE_WORKSPACE = YES;
			};
			name = Debug;
		};
		6A3AEC1E26F879F500D7E31A /* Release */ = {
			isa = XCBuildConfiguration;
			buildSettings = {
				ASSETCATALOG_COMPILER_APPICON_NAME = AppIcon;
				ASSETCATALOG_COMPILER_GLOBAL_ACCENT_COLOR_NAME = AccentColor;
				CLANG_USE_OPTIMIZATION_PROFILE = YES;
				CODE_SIGN_ENTITLEMENTS = MandArtRelease.entitlements;
				CODE_SIGN_IDENTITY = "Apple Development";
				"CODE_SIGN_IDENTITY[sdk=*]" = "Apple Development";
				CODE_SIGN_STYLE = Automatic;
				COMBINE_HIDPI_IMAGES = YES;
				DEAD_CODE_STRIPPING = YES;
				DEVELOPMENT_ASSET_PATHS = "";
				DEVELOPMENT_TEAM = L3C8KXQ7DP;
				ENABLE_HARDENED_RUNTIME = YES;
				ENABLE_PREVIEWS = NO;
				INFOPLIST_FILE = "$(SRCROOT)/Info.plist";
				INFOPLIST_KEY_CFBundleDisplayName = MandArt;
				INFOPLIST_KEY_LSApplicationCategoryType = "public.app-category.graphics-design";
				LD_RUNPATH_SEARCH_PATHS = (
					"$(inherited)",
					"@executable_path/../Frameworks",
				);
				MACOSX_DEPLOYMENT_TARGET = 12.0;
				MARKETING_VERSION = 6;
				NEW_SETTING = "";
				ONLY_ACTIVE_ARCH = YES;
				PRODUCT_BUNDLE_IDENTIFIER = "Bruce-Johnson.MandArt";
				PRODUCT_NAME = "$(TARGET_NAME)";
				PROVISIONING_PROFILE_SPECIFIER = "";
				RUN_DOCUMENTATION_COMPILER = YES;
				SWIFT_DISABLE_SAFETY_CHECKS = YES;
				SWIFT_VERSION = 5.0;
				VALIDATE_PRODUCT = YES;
				VALIDATE_WORKSPACE = YES;
			};
			name = Release;
		};
/* End XCBuildConfiguration section */

/* Begin XCConfigurationList section */
		6A3AEC0426F879E700D7E31A /* Build configuration list for PBXProject "MandArt" */ = {
			isa = XCConfigurationList;
			buildConfigurations = (
				6A3AEC1A26F879F500D7E31A /* Debug */,
				6A3AEC1B26F879F500D7E31A /* Release */,
			);
			defaultConfigurationIsVisible = 0;
			defaultConfigurationName = Release;
		};
		6A3AEC1C26F879F500D7E31A /* Build configuration list for PBXNativeTarget "MandArt" */ = {
			isa = XCConfigurationList;
			buildConfigurations = (
				6A3AEC1D26F879F500D7E31A /* Debug */,
				6A3AEC1E26F879F500D7E31A /* Release */,
			);
			defaultConfigurationIsVisible = 0;
			defaultConfigurationName = Release;
		};
/* End XCConfigurationList section */
	};
	rootObject = 6A3AEC0126F879E700D7E31A /* Project object */;
}
