// !$*UTF8*$!
{
	archiveVersion = 1;
	classes = {
	};
	objectVersion = 55;
	objects = {

/* Begin PBXBuildFile section */
		6A3AEC0F26F879E700D7E31A /* ContentView.swift in Sources */ = {isa = PBXBuildFile; fileRef = 6A3AEC0E26F879E700D7E31A /* ContentView.swift */; };
		6A3AEC1126F879F500D7E31A /* Assets.xcassets in Resources */ = {isa = PBXBuildFile; fileRef = 6A3AEC1026F879F500D7E31A /* Assets.xcassets */; };
		8806E115293A5011005F5CB4 /* MandArtApp.swift in Sources */ = {isa = PBXBuildFile; fileRef = 8806E113293A5011005F5CB4 /* MandArtApp.swift */; };
		8806E116293A5011005F5CB4 /* MandArtDocument.swift in Sources */ = {isa = PBXBuildFile; fileRef = 8806E114293A5011005F5CB4 /* MandArtDocument.swift */; };
		881B2B6A293CE2A200037032 /* Credits.rtf in Resources */ = {isa = PBXBuildFile; fileRef = 881B2B69293CE2A200037032 /* Credits.rtf */; };
		882BAED3293409FE003ACB0B /* PictureDefinition.swift in Sources */ = {isa = PBXBuildFile; fileRef = 882BAED2293409FE003ACB0B /* PictureDefinition.swift */; };
		882BAED72934167D003ACB0B /* default.json in Resources */ = {isa = PBXBuildFile; fileRef = 882BAED62934167D003ACB0B /* default.json */; };
		882BAED929346C92003ACB0B /* Hue.swift in Sources */ = {isa = PBXBuildFile; fileRef = 882BAED829346C92003ACB0B /* Hue.swift */; };
		88511CB32948B3FF009B5CF6 /* MandMath.swift in Sources */ = {isa = PBXBuildFile; fileRef = 88511CB22948B3FF009B5CF6 /* MandMath.swift */; };
		8865ED79299026E6006E9EC6 /* OpeningView.swift in Sources */ = {isa = PBXBuildFile; fileRef = 8865ED78299026E6006E9EC6 /* OpeningView.swift */; };
		889E3F24293AE0B6009944AC /* Documentation.docc in Sources */ = {isa = PBXBuildFile; fileRef = 889E3F23293AE0B6009944AC /* Documentation.docc */; };
/* End PBXBuildFile section */

/* Begin PBXFileReference section */
		6A3AEC0926F879E700D7E31A /* MandArt.app */ = {isa = PBXFileReference; explicitFileType = wrapper.application; includeInIndex = 0; path = MandArt.app; sourceTree = BUILT_PRODUCTS_DIR; };
		6A3AEC0E26F879E700D7E31A /* ContentView.swift */ = {isa = PBXFileReference; lastKnownFileType = sourcecode.swift; path = ContentView.swift; sourceTree = "<group>"; };
		6A3AEC1026F879F500D7E31A /* Assets.xcassets */ = {isa = PBXFileReference; lastKnownFileType = folder.assetcatalog; path = Assets.xcassets; sourceTree = "<group>"; };
		6A3AEC1826F879F500D7E31A /* Info.plist */ = {isa = PBXFileReference; lastKnownFileType = text.plist.xml; path = Info.plist; sourceTree = "<group>"; };
		8806E113293A5011005F5CB4 /* MandArtApp.swift */ = {isa = PBXFileReference; fileEncoding = 4; lastKnownFileType = sourcecode.swift; path = MandArtApp.swift; sourceTree = "<group>"; };
		8806E114293A5011005F5CB4 /* MandArtDocument.swift */ = {isa = PBXFileReference; fileEncoding = 4; lastKnownFileType = sourcecode.swift; path = MandArtDocument.swift; sourceTree = "<group>"; };
		881B2B69293CE2A200037032 /* Credits.rtf */ = {isa = PBXFileReference; lastKnownFileType = text.rtf; path = Credits.rtf; sourceTree = "<group>"; };
		882BAED2293409FE003ACB0B /* PictureDefinition.swift */ = {isa = PBXFileReference; lastKnownFileType = sourcecode.swift; path = PictureDefinition.swift; sourceTree = "<group>"; };
		882BAED62934167D003ACB0B /* default.json */ = {isa = PBXFileReference; fileEncoding = 4; lastKnownFileType = text.json; path = default.json; sourceTree = "<group>"; };
		882BAED829346C92003ACB0B /* Hue.swift */ = {isa = PBXFileReference; lastKnownFileType = sourcecode.swift; path = Hue.swift; sourceTree = "<group>"; };
		88511CB22948B3FF009B5CF6 /* MandMath.swift */ = {isa = PBXFileReference; lastKnownFileType = sourcecode.swift; path = MandMath.swift; sourceTree = "<group>"; };
		8865ED78299026E6006E9EC6 /* OpeningView.swift */ = {isa = PBXFileReference; lastKnownFileType = sourcecode.swift; path = OpeningView.swift; sourceTree = "<group>"; };
		889E3F22293A7733009944AC /* MandArtRelease.entitlements */ = {isa = PBXFileReference; lastKnownFileType = text.plist.entitlements; path = MandArtRelease.entitlements; sourceTree = "<group>"; };
		889E3F23293AE0B6009944AC /* Documentation.docc */ = {isa = PBXFileReference; lastKnownFileType = folder.documentationcatalog; path = Documentation.docc; sourceTree = "<group>"; };
		88A21FA8289F557B004DFA34 /* MandArt.entitlements */ = {isa = PBXFileReference; fileEncoding = 4; lastKnownFileType = text.plist.entitlements; path = MandArt.entitlements; sourceTree = "<group>"; };
/* End PBXFileReference section */

/* Begin PBXFrameworksBuildPhase section */
		6A3AEC0626F879E700D7E31A /* Frameworks */ = {
			isa = PBXFrameworksBuildPhase;
			buildActionMask = 2147483647;
			files = (
			);
			runOnlyForDeploymentPostprocessing = 0;
		};
/* End PBXFrameworksBuildPhase section */

/* Begin PBXGroup section */
		6A3AEC0026F879E700D7E31A = {
			isa = PBXGroup;
			children = (
				889E3F23293AE0B6009944AC /* Documentation.docc */,
				88A1716629913A0800A85AED /* Sources */,
				881B2B69293CE2A200037032 /* Credits.rtf */,
				6A3AEC0B26F879E700D7E31A /* MandArt */,
				6A3AEC0A26F879E700D7E31A /* Products */,
			);
			sourceTree = "<group>";
		};
		6A3AEC0A26F879E700D7E31A /* Products */ = {
			isa = PBXGroup;
			children = (
				6A3AEC0926F879E700D7E31A /* MandArt.app */,
			);
			name = Products;
			sourceTree = "<group>";
		};
		6A3AEC0B26F879E700D7E31A /* MandArt */ = {
			isa = PBXGroup;
			children = (
				889E3F22293A7733009944AC /* MandArtRelease.entitlements */,
				88A21FA8289F557B004DFA34 /* MandArt.entitlements */,
				6A3AEC1026F879F500D7E31A /* Assets.xcassets */,
				6A3AEC1826F879F500D7E31A /* Info.plist */,
				882BAED62934167D003ACB0B /* default.json */,
			);
			path = MandArt;
			sourceTree = SOURCE_ROOT;
		};
		88A1716629913A0800A85AED /* Sources */ = {
			isa = PBXGroup;
			children = (
				88A1716729913A1E00A85AED /* MandArt */,
			);
			path = Sources;
			sourceTree = "<group>";
		};
		88A1716729913A1E00A85AED /* MandArt */ = {
			isa = PBXGroup;
			children = (
				6A3AEC0E26F879E700D7E31A /* ContentView.swift */,
				8806E113293A5011005F5CB4 /* MandArtApp.swift */,
				8806E114293A5011005F5CB4 /* MandArtDocument.swift */,
				882BAED2293409FE003ACB0B /* PictureDefinition.swift */,
				882BAED829346C92003ACB0B /* Hue.swift */,
				88511CB22948B3FF009B5CF6 /* MandMath.swift */,
				8865ED78299026E6006E9EC6 /* OpeningView.swift */,
			);
			path = MandArt;
			sourceTree = "<group>";
		};
/* End PBXGroup section */

/* Begin PBXNativeTarget section */
		6A3AEC0826F879E700D7E31A /* MandArt */ = {
			isa = PBXNativeTarget;
			buildConfigurationList = 6A3AEC1C26F879F500D7E31A /* Build configuration list for PBXNativeTarget "MandArt" */;
			buildPhases = (
				6A3AEC0526F879E700D7E31A /* Sources */,
				6A3AEC0626F879E700D7E31A /* Frameworks */,
				6A3AEC0726F879E700D7E31A /* Resources */,
			);
			buildRules = (
			);
			dependencies = (
			);
			name = MandArt;
			packageProductDependencies = (
			);
			productName = MandArt;
			productReference = 6A3AEC0926F879E700D7E31A /* MandArt.app */;
			productType = "com.apple.product-type.application";
		};
/* End PBXNativeTarget section */

/* Begin PBXProject section */
		6A3AEC0126F879E700D7E31A /* Project object */ = {
			isa = PBXProject;
			attributes = {
				LastSwiftUpdateCheck = 1250;
				LastUpgradeCheck = 1410;
				TargetAttributes = {
					6A3AEC0826F879E700D7E31A = {
						CreatedOnToolsVersion = 12.5.1;
					};
				};
			};
			buildConfigurationList = 6A3AEC0426F879E700D7E31A /* Build configuration list for PBXProject "MandArt" */;
			compatibilityVersion = "Xcode 13.0";
			developmentRegion = en;
			hasScannedForEncodings = 0;
			knownRegions = (
				en,
				Base,
			);
			mainGroup = 6A3AEC0026F879E700D7E31A;
			packageReferences = (
			);
			productRefGroup = 6A3AEC0A26F879E700D7E31A /* Products */;
			projectDirPath = "";
			projectRoot = "";
			targets = (
				6A3AEC0826F879E700D7E31A /* MandArt */,
			);
		};
/* End PBXProject section */

/* Begin PBXResourcesBuildPhase section */
		6A3AEC0726F879E700D7E31A /* Resources */ = {
			isa = PBXResourcesBuildPhase;
			buildActionMask = 2147483647;
			files = (
				881B2B6A293CE2A200037032 /* Credits.rtf in Resources */,
				882BAED72934167D003ACB0B /* default.json in Resources */,
				6A3AEC1126F879F500D7E31A /* Assets.xcassets in Resources */,
			);
			runOnlyForDeploymentPostprocessing = 0;
		};
/* End PBXResourcesBuildPhase section */

/* Begin PBXSourcesBuildPhase section */
		6A3AEC0526F879E700D7E31A /* Sources */ = {
			isa = PBXSourcesBuildPhase;
			buildActionMask = 2147483647;
			files = (
				882BAED929346C92003ACB0B /* Hue.swift in Sources */,
				889E3F24293AE0B6009944AC /* Documentation.docc in Sources */,
				6A3AEC0F26F879E700D7E31A /* ContentView.swift in Sources */,
				8865ED79299026E6006E9EC6 /* OpeningView.swift in Sources */,
				8806E115293A5011005F5CB4 /* MandArtApp.swift in Sources */,
				882BAED3293409FE003ACB0B /* PictureDefinition.swift in Sources */,
				88511CB32948B3FF009B5CF6 /* MandMath.swift in Sources */,
				8806E116293A5011005F5CB4 /* MandArtDocument.swift in Sources */,
			);
			runOnlyForDeploymentPostprocessing = 0;
		};
/* End PBXSourcesBuildPhase section */

/* Begin XCBuildConfiguration section */
		6A3AEC1A26F879F500D7E31A /* Debug */ = {
			isa = XCBuildConfiguration;
			buildSettings = {
				ALWAYS_SEARCH_USER_PATHS = NO;
				CLANG_ANALYZER_NONNULL = YES;
				CLANG_ANALYZER_NUMBER_OBJECT_CONVERSION = YES_AGGRESSIVE;
				CLANG_CXX_LANGUAGE_STANDARD = "gnu++14";
				CLANG_CXX_LIBRARY = "libc++";
				CLANG_ENABLE_MODULES = YES;
				CLANG_ENABLE_OBJC_ARC = YES;
				CLANG_ENABLE_OBJC_WEAK = YES;
				CLANG_WARN_BLOCK_CAPTURE_AUTORELEASING = YES;
				CLANG_WARN_BOOL_CONVERSION = YES;
				CLANG_WARN_COMMA = YES;
				CLANG_WARN_CONSTANT_CONVERSION = YES;
				CLANG_WARN_DEPRECATED_OBJC_IMPLEMENTATIONS = YES;
				CLANG_WARN_DIRECT_OBJC_ISA_USAGE = YES_ERROR;
				CLANG_WARN_DOCUMENTATION_COMMENTS = YES;
				CLANG_WARN_EMPTY_BODY = YES;
				CLANG_WARN_ENUM_CONVERSION = YES;
				CLANG_WARN_INFINITE_RECURSION = YES;
				CLANG_WARN_INT_CONVERSION = YES;
				CLANG_WARN_NON_LITERAL_NULL_CONVERSION = YES;
				CLANG_WARN_OBJC_IMPLICIT_RETAIN_SELF = YES;
				CLANG_WARN_OBJC_LITERAL_CONVERSION = YES;
				CLANG_WARN_OBJC_ROOT_CLASS = YES_ERROR;
				CLANG_WARN_QUOTED_INCLUDE_IN_FRAMEWORK_HEADER = YES;
				CLANG_WARN_RANGE_LOOP_ANALYSIS = YES;
				CLANG_WARN_STRICT_PROTOTYPES = YES;
				CLANG_WARN_SUSPICIOUS_MOVE = YES;
				CLANG_WARN_UNGUARDED_AVAILABILITY = YES_AGGRESSIVE;
				CLANG_WARN_UNREACHABLE_CODE = YES;
				CLANG_WARN__DUPLICATE_METHOD_MATCH = YES;
				COPY_PHASE_STRIP = NO;
				DEAD_CODE_STRIPPING = YES;
				DEBUG_INFORMATION_FORMAT = dwarf;
				ENABLE_STRICT_OBJC_MSGSEND = YES;
				ENABLE_TESTABILITY = YES;
				GCC_C_LANGUAGE_STANDARD = gnu11;
				GCC_DYNAMIC_NO_PIC = NO;
				GCC_NO_COMMON_BLOCKS = YES;
				GCC_OPTIMIZATION_LEVEL = 0;
				GCC_PREPROCESSOR_DEFINITIONS = (
					"DEBUG=1",
					"$(inherited)",
				);
				GCC_WARN_64_TO_32_BIT_CONVERSION = YES;
				GCC_WARN_ABOUT_RETURN_TYPE = YES_ERROR;
				GCC_WARN_UNDECLARED_SELECTOR = YES;
				GCC_WARN_UNINITIALIZED_AUTOS = YES_AGGRESSIVE;
				GCC_WARN_UNUSED_FUNCTION = YES;
				GCC_WARN_UNUSED_VARIABLE = YES;
				MACOSX_DEPLOYMENT_TARGET = 13.1;
				MTL_ENABLE_DEBUG_INFO = INCLUDE_SOURCE;
				MTL_FAST_MATH = YES;
				ONLY_ACTIVE_ARCH = YES;
				SDKROOT = macosx;
				SWIFT_ACTIVE_COMPILATION_CONDITIONS = DEBUG;
				SWIFT_OPTIMIZATION_LEVEL = "-O";
			};
			name = Debug;
		};
		6A3AEC1B26F879F500D7E31A /* Release */ = {
			isa = XCBuildConfiguration;
			buildSettings = {
				ALWAYS_SEARCH_USER_PATHS = NO;
				CLANG_ANALYZER_NONNULL = YES;
				CLANG_ANALYZER_NUMBER_OBJECT_CONVERSION = YES_AGGRESSIVE;
				CLANG_CXX_LANGUAGE_STANDARD = "gnu++14";
				CLANG_CXX_LIBRARY = "libc++";
				CLANG_ENABLE_MODULES = YES;
				CLANG_ENABLE_OBJC_ARC = YES;
				CLANG_ENABLE_OBJC_WEAK = YES;
				CLANG_WARN_BLOCK_CAPTURE_AUTORELEASING = YES;
				CLANG_WARN_BOOL_CONVERSION = YES;
				CLANG_WARN_COMMA = YES;
				CLANG_WARN_CONSTANT_CONVERSION = YES;
				CLANG_WARN_DEPRECATED_OBJC_IMPLEMENTATIONS = YES;
				CLANG_WARN_DIRECT_OBJC_ISA_USAGE = YES_ERROR;
				CLANG_WARN_DOCUMENTATION_COMMENTS = YES;
				CLANG_WARN_EMPTY_BODY = YES;
				CLANG_WARN_ENUM_CONVERSION = YES;
				CLANG_WARN_INFINITE_RECURSION = YES;
				CLANG_WARN_INT_CONVERSION = YES;
				CLANG_WARN_NON_LITERAL_NULL_CONVERSION = YES;
				CLANG_WARN_OBJC_IMPLICIT_RETAIN_SELF = YES;
				CLANG_WARN_OBJC_LITERAL_CONVERSION = YES;
				CLANG_WARN_OBJC_ROOT_CLASS = YES_ERROR;
				CLANG_WARN_QUOTED_INCLUDE_IN_FRAMEWORK_HEADER = YES;
				CLANG_WARN_RANGE_LOOP_ANALYSIS = YES;
				CLANG_WARN_STRICT_PROTOTYPES = YES;
				CLANG_WARN_SUSPICIOUS_MOVE = YES;
				CLANG_WARN_UNGUARDED_AVAILABILITY = YES_AGGRESSIVE;
				CLANG_WARN_UNREACHABLE_CODE = YES;
				CLANG_WARN__DUPLICATE_METHOD_MATCH = YES;
				COPY_PHASE_STRIP = NO;
				DEAD_CODE_STRIPPING = YES;
				DEBUG_INFORMATION_FORMAT = "dwarf-with-dsym";
				ENABLE_NS_ASSERTIONS = NO;
				ENABLE_STRICT_OBJC_MSGSEND = YES;
				GCC_C_LANGUAGE_STANDARD = gnu11;
				GCC_NO_COMMON_BLOCKS = YES;
				GCC_WARN_64_TO_32_BIT_CONVERSION = YES;
				GCC_WARN_ABOUT_RETURN_TYPE = YES_ERROR;
				GCC_WARN_UNDECLARED_SELECTOR = YES;
				GCC_WARN_UNINITIALIZED_AUTOS = YES_AGGRESSIVE;
				GCC_WARN_UNUSED_FUNCTION = YES;
				GCC_WARN_UNUSED_VARIABLE = YES;
				MACOSX_DEPLOYMENT_TARGET = 13.1;
				MTL_ENABLE_DEBUG_INFO = NO;
				MTL_FAST_MATH = YES;
				ONLY_ACTIVE_ARCH = YES;
				SDKROOT = macosx;
				SWIFT_COMPILATION_MODE = wholemodule;
				SWIFT_OPTIMIZATION_LEVEL = "-O";
			};
			name = Release;
		};
		6A3AEC1D26F879F500D7E31A /* Debug */ = {
			isa = XCBuildConfiguration;
			buildSettings = {
				ASSETCATALOG_COMPILER_APPICON_NAME = AppIcon;
				ASSETCATALOG_COMPILER_GLOBAL_ACCENT_COLOR_NAME = AccentColor;
				CLANG_USE_OPTIMIZATION_PROFILE = YES;
				CODE_SIGN_ENTITLEMENTS = MandArt/MandArt.entitlements;
				CODE_SIGN_IDENTITY = "-";
				CODE_SIGN_STYLE = Manual;
				COMBINE_HIDPI_IMAGES = YES;
				DEAD_CODE_STRIPPING = YES;
				DEVELOPMENT_ASSET_PATHS = "";
				DEVELOPMENT_TEAM = "";
				"DEVELOPMENT_TEAM[sdk=macosx*]" = "";
				ENABLE_HARDENED_RUNTIME = YES;
				ENABLE_PREVIEWS = NO;
				"INCLUDED_SOURCE_FILE_NAMES[arch=*]" = "";
				INFOPLIST_FILE = "$(SRCROOT)/MandArt/Info.plist";
				INFOPLIST_KEY_CFBundleDisplayName = MandArt;
				INFOPLIST_KEY_LSApplicationCategoryType = "public.app-category.graphics-design";
				LD_RUNPATH_SEARCH_PATHS = (
					"$(inherited)",
					"@executable_path/../Frameworks",
				);
				MACOSX_DEPLOYMENT_TARGET = 12.4;
				MARKETING_VERSION = 0.1.0;
				NEW_SETTING = "";
				ONLY_ACTIVE_ARCH = YES;
				PRODUCT_BUNDLE_IDENTIFIER = "Bruce-Johnson.MandArt";
				PRODUCT_NAME = "$(TARGET_NAME)";
				PROVISIONING_PROFILE_SPECIFIER = "";
				"PROVISIONING_PROFILE_SPECIFIER[sdk=macosx*]" = "";
				SWIFT_DISABLE_SAFETY_CHECKS = YES;
				SWIFT_OPTIMIZATION_LEVEL = "-O";
				SWIFT_VERSION = 5.0;
				VALIDATE_PRODUCT = YES;
				VALIDATE_WORKSPACE = YES;
			};
			name = Debug;
		};
		6A3AEC1E26F879F500D7E31A /* Release */ = {
			isa = XCBuildConfiguration;
			buildSettings = {
				ASSETCATALOG_COMPILER_APPICON_NAME = AppIcon;
				ASSETCATALOG_COMPILER_GLOBAL_ACCENT_COLOR_NAME = AccentColor;
				CLANG_USE_OPTIMIZATION_PROFILE = YES;
				CODE_SIGN_ENTITLEMENTS = MandArt/MandArtRelease.entitlements;
				CODE_SIGN_IDENTITY = "-";
				CODE_SIGN_STYLE = Manual;
				COMBINE_HIDPI_IMAGES = YES;
				DEAD_CODE_STRIPPING = YES;
				DEVELOPMENT_ASSET_PATHS = "";
				DEVELOPMENT_TEAM = "";
				"DEVELOPMENT_TEAM[sdk=macosx*]" = "";
				ENABLE_HARDENED_RUNTIME = YES;
				ENABLE_PREVIEWS = NO;
				INFOPLIST_FILE = "$(SRCROOT)/MandArt/Info.plist";
				INFOPLIST_KEY_CFBundleDisplayName = MandArt;
				INFOPLIST_KEY_LSApplicationCategoryType = "public.app-category.graphics-design";
				LD_RUNPATH_SEARCH_PATHS = (
					"$(inherited)",
					"@executable_path/../Frameworks",
				);
				MACOSX_DEPLOYMENT_TARGET = 12.4;
				MARKETING_VERSION = 0.1.0;
				NEW_SETTING = "";
				ONLY_ACTIVE_ARCH = YES;
				PRODUCT_BUNDLE_IDENTIFIER = "Bruce-Johnson.MandArt";
				PRODUCT_NAME = "$(TARGET_NAME)";
				PROVISIONING_PROFILE_SPECIFIER = "";
				"PROVISIONING_PROFILE_SPECIFIER[sdk=macosx*]" = "";
				SWIFT_DISABLE_SAFETY_CHECKS = YES;
				SWIFT_VERSION = 5.0;
				VALIDATE_PRODUCT = YES;
				VALIDATE_WORKSPACE = YES;
			};
			name = Release;
		};
/* End XCBuildConfiguration section */

/* Begin XCConfigurationList section */
		6A3AEC0426F879E700D7E31A /* Build configuration list for PBXProject "MandArt" */ = {
			isa = XCConfigurationList;
			buildConfigurations = (
				6A3AEC1A26F879F500D7E31A /* Debug */,
				6A3AEC1B26F879F500D7E31A /* Release */,
			);
			defaultConfigurationIsVisible = 0;
			defaultConfigurationName = Release;
		};
		6A3AEC1C26F879F500D7E31A /* Build configuration list for PBXNativeTarget "MandArt" */ = {
			isa = XCConfigurationList;
			buildConfigurations = (
				6A3AEC1D26F879F500D7E31A /* Debug */,
				6A3AEC1E26F879F500D7E31A /* Release */,
			);
			defaultConfigurationIsVisible = 0;
			defaultConfigurationName = Release;
		};
/* End XCConfigurationList section */
	};
	rootObject = 6A3AEC0126F879E700D7E31A /* Project object */;
}
